// !$*UTF8*$!
{
	archiveVersion = 1;
	classes = {
	};
	objectVersion = 55;
	objects = {

/* Begin PBXBuildFile section */
		B0C189D3279F4FDF00BA2E01 /* AppDelegate.swift in Sources */ = {isa = PBXBuildFile; fileRef = B0C189D2279F4FDF00BA2E01 /* AppDelegate.swift */; };
		B0C189D5279F4FDF00BA2E01 /* SceneDelegate.swift in Sources */ = {isa = PBXBuildFile; fileRef = B0C189D4279F4FDF00BA2E01 /* SceneDelegate.swift */; };
		B0C189D7279F4FDF00BA2E01 /* ViewController.swift in Sources */ = {isa = PBXBuildFile; fileRef = B0C189D6279F4FDF00BA2E01 /* ViewController.swift */; };
		B0C189DA279F4FDF00BA2E01 /* Main.storyboard in Resources */ = {isa = PBXBuildFile; fileRef = B0C189D8279F4FDF00BA2E01 /* Main.storyboard */; };
		B0C189DC279F4FE000BA2E01 /* Assets.xcassets in Resources */ = {isa = PBXBuildFile; fileRef = B0C189DB279F4FE000BA2E01 /* Assets.xcassets */; };
		B0C189DF279F4FE000BA2E01 /* LaunchScreen.storyboard in Resources */ = {isa = PBXBuildFile; fileRef = B0C189DD279F4FE000BA2E01 /* LaunchScreen.storyboard */; };
		B0C189EA279F4FE000BA2E01 /* TipCalculator3Tests.swift in Sources */ = {isa = PBXBuildFile; fileRef = B0C189E9279F4FE000BA2E01 /* TipCalculator3Tests.swift */; };
		B0C189F4279F4FE000BA2E01 /* TipCalculator3UITests.swift in Sources */ = {isa = PBXBuildFile; fileRef = B0C189F3279F4FE000BA2E01 /* TipCalculator3UITests.swift */; };
		B0C189F6279F4FE000BA2E01 /* TipCalculator3UITestsLaunchTests.swift in Sources */ = {isa = PBXBuildFile; fileRef = B0C189F5279F4FE000BA2E01 /* TipCalculator3UITestsLaunchTests.swift */; };
/* End PBXBuildFile section */

/* Begin PBXContainerItemProxy section */
		B0C189E6279F4FE000BA2E01 /* PBXContainerItemProxy */ = {
			isa = PBXContainerItemProxy;
			containerPortal = B0C189C7279F4FDF00BA2E01 /* Project object */;
			proxyType = 1;
			remoteGlobalIDString = B0C189CE279F4FDF00BA2E01;
			remoteInfo = TipCalculator3;
		};
		B0C189F0279F4FE000BA2E01 /* PBXContainerItemProxy */ = {
			isa = PBXContainerItemProxy;
			containerPortal = B0C189C7279F4FDF00BA2E01 /* Project object */;
			proxyType = 1;
			remoteGlobalIDString = B0C189CE279F4FDF00BA2E01;
			remoteInfo = TipCalculator3;
		};
/* End PBXContainerItemProxy section */

/* Begin PBXFileReference section */
		B0C189CF279F4FDF00BA2E01 /* TipCalculator3.app */ = {isa = PBXFileReference; explicitFileType = wrapper.application; includeInIndex = 0; path = TipCalculator3.app; sourceTree = BUILT_PRODUCTS_DIR; };
		B0C189D2279F4FDF00BA2E01 /* AppDelegate.swift */ = {isa = PBXFileReference; lastKnownFileType = sourcecode.swift; path = AppDelegate.swift; sourceTree = "<group>"; };
		B0C189D4279F4FDF00BA2E01 /* SceneDelegate.swift */ = {isa = PBXFileReference; lastKnownFileType = sourcecode.swift; path = SceneDelegate.swift; sourceTree = "<group>"; };
		B0C189D6279F4FDF00BA2E01 /* ViewController.swift */ = {isa = PBXFileReference; lastKnownFileType = sourcecode.swift; path = ViewController.swift; sourceTree = "<group>"; };
		B0C189D9279F4FDF00BA2E01 /* Base */ = {isa = PBXFileReference; lastKnownFileType = file.storyboard; name = Base; path = Base.lproj/Main.storyboard; sourceTree = "<group>"; };
		B0C189DB279F4FE000BA2E01 /* Assets.xcassets */ = {isa = PBXFileReference; lastKnownFileType = folder.assetcatalog; path = Assets.xcassets; sourceTree = "<group>"; };
		B0C189DE279F4FE000BA2E01 /* Base */ = {isa = PBXFileReference; lastKnownFileType = file.storyboard; name = Base; path = Base.lproj/LaunchScreen.storyboard; sourceTree = "<group>"; };
		B0C189E0279F4FE000BA2E01 /* Info.plist */ = {isa = PBXFileReference; lastKnownFileType = text.plist.xml; path = Info.plist; sourceTree = "<group>"; };
		B0C189E5279F4FE000BA2E01 /* TipCalculator3Tests.xctest */ = {isa = PBXFileReference; explicitFileType = wrapper.cfbundle; includeInIndex = 0; path = TipCalculator3Tests.xctest; sourceTree = BUILT_PRODUCTS_DIR; };
		B0C189E9279F4FE000BA2E01 /* TipCalculator3Tests.swift */ = {isa = PBXFileReference; lastKnownFileType = sourcecode.swift; path = TipCalculator3Tests.swift; sourceTree = "<group>"; };
		B0C189EF279F4FE000BA2E01 /* TipCalculator3UITests.xctest */ = {isa = PBXFileReference; explicitFileType = wrapper.cfbundle; includeInIndex = 0; path = TipCalculator3UITests.xctest; sourceTree = BUILT_PRODUCTS_DIR; };
		B0C189F3279F4FE000BA2E01 /* TipCalculator3UITests.swift */ = {isa = PBXFileReference; lastKnownFileType = sourcecode.swift; path = TipCalculator3UITests.swift; sourceTree = "<group>"; };
		B0C189F5279F4FE000BA2E01 /* TipCalculator3UITestsLaunchTests.swift */ = {isa = PBXFileReference; lastKnownFileType = sourcecode.swift; path = TipCalculator3UITestsLaunchTests.swift; sourceTree = "<group>"; };
/* End PBXFileReference section */

/* Begin PBXFrameworksBuildPhase section */
		B0C189CC279F4FDF00BA2E01 /* Frameworks */ = {
			isa = PBXFrameworksBuildPhase;
			buildActionMask = 2147483647;
			files = (
			);
			runOnlyForDeploymentPostprocessing = 0;
		};
		B0C189E2279F4FE000BA2E01 /* Frameworks */ = {
			isa = PBXFrameworksBuildPhase;
			buildActionMask = 2147483647;
			files = (
			);
			runOnlyForDeploymentPostprocessing = 0;
		};
		B0C189EC279F4FE000BA2E01 /* Frameworks */ = {
			isa = PBXFrameworksBuildPhase;
			buildActionMask = 2147483647;
			files = (
			);
			runOnlyForDeploymentPostprocessing = 0;
		};
/* End PBXFrameworksBuildPhase section */

/* Begin PBXGroup section */
		B0C189C6279F4FDF00BA2E01 = {
			isa = PBXGroup;
			children = (
				B0C189D1279F4FDF00BA2E01 /* TipCalculator3 */,
				B0C189E8279F4FE000BA2E01 /* TipCalculator3Tests */,
				B0C189F2279F4FE000BA2E01 /* TipCalculator3UITests */,
				B0C189D0279F4FDF00BA2E01 /* Products */,
			);
			sourceTree = "<group>";
		};
		B0C189D0279F4FDF00BA2E01 /* Products */ = {
			isa = PBXGroup;
			children = (
				B0C189CF279F4FDF00BA2E01 /* TipCalculator3.app */,
				B0C189E5279F4FE000BA2E01 /* TipCalculator3Tests.xctest */,
				B0C189EF279F4FE000BA2E01 /* TipCalculator3UITests.xctest */,
			);
			name = Products;
			sourceTree = "<group>";
		};
		B0C189D1279F4FDF00BA2E01 /* TipCalculator3 */ = {
			isa = PBXGroup;
			children = (
				B0C189D2279F4FDF00BA2E01 /* AppDelegate.swift */,
				B0C189D4279F4FDF00BA2E01 /* SceneDelegate.swift */,
				B0C189D6279F4FDF00BA2E01 /* ViewController.swift */,
				B0C189D8279F4FDF00BA2E01 /* Main.storyboard */,
				B0C189DB279F4FE000BA2E01 /* Assets.xcassets */,
				B0C189DD279F4FE000BA2E01 /* LaunchScreen.storyboard */,
				B0C189E0279F4FE000BA2E01 /* Info.plist */,
			);
			path = TipCalculator3;
			sourceTree = "<group>";
		};
		B0C189E8279F4FE000BA2E01 /* TipCalculator3Tests */ = {
			isa = PBXGroup;
			children = (
				B0C189E9279F4FE000BA2E01 /* TipCalculator3Tests.swift */,
			);
			path = TipCalculator3Tests;
			sourceTree = "<group>";
		};
		B0C189F2279F4FE000BA2E01 /* TipCalculator3UITests */ = {
			isa = PBXGroup;
			children = (
				B0C189F3279F4FE000BA2E01 /* TipCalculator3UITests.swift */,
				B0C189F5279F4FE000BA2E01 /* TipCalculator3UITestsLaunchTests.swift */,
			);
			path = TipCalculator3UITests;
			sourceTree = "<group>";
		};
/* End PBXGroup section */

/* Begin PBXNativeTarget section */
		B0C189CE279F4FDF00BA2E01 /* TipCalculator3 */ = {
			isa = PBXNativeTarget;
			buildConfigurationList = B0C189F9279F4FE000BA2E01 /* Build configuration list for PBXNativeTarget "TipCalculator3" */;
			buildPhases = (
				B0C189CB279F4FDF00BA2E01 /* Sources */,
				B0C189CC279F4FDF00BA2E01 /* Frameworks */,
				B0C189CD279F4FDF00BA2E01 /* Resources */,
			);
			buildRules = (
			);
			dependencies = (
			);
			name = TipCalculator3;
			productName = TipCalculator3;
			productReference = B0C189CF279F4FDF00BA2E01 /* TipCalculator3.app */;
			productType = "com.apple.product-type.application";
		};
		B0C189E4279F4FE000BA2E01 /* TipCalculator3Tests */ = {
			isa = PBXNativeTarget;
			buildConfigurationList = B0C189FC279F4FE000BA2E01 /* Build configuration list for PBXNativeTarget "TipCalculator3Tests" */;
			buildPhases = (
				B0C189E1279F4FE000BA2E01 /* Sources */,
				B0C189E2279F4FE000BA2E01 /* Frameworks */,
				B0C189E3279F4FE000BA2E01 /* Resources */,
			);
			buildRules = (
			);
			dependencies = (
				B0C189E7279F4FE000BA2E01 /* PBXTargetDependency */,
			);
			name = TipCalculator3Tests;
			productName = TipCalculator3Tests;
			productReference = B0C189E5279F4FE000BA2E01 /* TipCalculator3Tests.xctest */;
			productType = "com.apple.product-type.bundle.unit-test";
		};
		B0C189EE279F4FE000BA2E01 /* TipCalculator3UITests */ = {
			isa = PBXNativeTarget;
			buildConfigurationList = B0C189FF279F4FE000BA2E01 /* Build configuration list for PBXNativeTarget "TipCalculator3UITests" */;
			buildPhases = (
				B0C189EB279F4FE000BA2E01 /* Sources */,
				B0C189EC279F4FE000BA2E01 /* Frameworks */,
				B0C189ED279F4FE000BA2E01 /* Resources */,
			);
			buildRules = (
			);
			dependencies = (
				B0C189F1279F4FE000BA2E01 /* PBXTargetDependency */,
			);
			name = TipCalculator3UITests;
			productName = TipCalculator3UITests;
			productReference = B0C189EF279F4FE000BA2E01 /* TipCalculator3UITests.xctest */;
			productType = "com.apple.product-type.bundle.ui-testing";
		};
/* End PBXNativeTarget section */

/* Begin PBXProject section */
		B0C189C7279F4FDF00BA2E01 /* Project object */ = {
			isa = PBXProject;
			attributes = {
				BuildIndependentTargetsInParallel = 1;
				LastSwiftUpdateCheck = 1320;
				LastUpgradeCheck = 1320;
				TargetAttributes = {
					B0C189CE279F4FDF00BA2E01 = {
						CreatedOnToolsVersion = 13.2.1;
					};
					B0C189E4279F4FE000BA2E01 = {
						CreatedOnToolsVersion = 13.2.1;
						TestTargetID = B0C189CE279F4FDF00BA2E01;
					};
					B0C189EE279F4FE000BA2E01 = {
						CreatedOnToolsVersion = 13.2.1;
						TestTargetID = B0C189CE279F4FDF00BA2E01;
					};
				};
			};
			buildConfigurationList = B0C189CA279F4FDF00BA2E01 /* Build configuration list for PBXProject "TipCalculator3" */;
			compatibilityVersion = "Xcode 13.0";
			developmentRegion = en;
			hasScannedForEncodings = 0;
			knownRegions = (
				en,
				Base,
			);
			mainGroup = B0C189C6279F4FDF00BA2E01;
			productRefGroup = B0C189D0279F4FDF00BA2E01 /* Products */;
			projectDirPath = "";
			projectRoot = "";
			targets = (
				B0C189CE279F4FDF00BA2E01 /* TipCalculator3 */,
				B0C189E4279F4FE000BA2E01 /* TipCalculator3Tests */,
				B0C189EE279F4FE000BA2E01 /* TipCalculator3UITests */,
			);
		};
/* End PBXProject section */

/* Begin PBXResourcesBuildPhase section */
		B0C189CD279F4FDF00BA2E01 /* Resources */ = {
			isa = PBXResourcesBuildPhase;
			buildActionMask = 2147483647;
			files = (
				B0C189DF279F4FE000BA2E01 /* LaunchScreen.storyboard in Resources */,
				B0C189DC279F4FE000BA2E01 /* Assets.xcassets in Resources */,
				B0C189DA279F4FDF00BA2E01 /* Main.storyboard in Resources */,
			);
			runOnlyForDeploymentPostprocessing = 0;
		};
		B0C189E3279F4FE000BA2E01 /* Resources */ = {
			isa = PBXResourcesBuildPhase;
			buildActionMask = 2147483647;
			files = (
			);
			runOnlyForDeploymentPostprocessing = 0;
		};
		B0C189ED279F4FE000BA2E01 /* Resources */ = {
			isa = PBXResourcesBuildPhase;
			buildActionMask = 2147483647;
			files = (
			);
			runOnlyForDeploymentPostprocessing = 0;
		};
/* End PBXResourcesBuildPhase section */

/* Begin PBXSourcesBuildPhase section */
		B0C189CB279F4FDF00BA2E01 /* Sources */ = {
			isa = PBXSourcesBuildPhase;
			buildActionMask = 2147483647;
			files = (
				B0C189D7279F4FDF00BA2E01 /* ViewController.swift in Sources */,
				B0C189D3279F4FDF00BA2E01 /* AppDelegate.swift in Sources */,
				B0C189D5279F4FDF00BA2E01 /* SceneDelegate.swift in Sources */,
			);
			runOnlyForDeploymentPostprocessing = 0;
		};
		B0C189E1279F4FE000BA2E01 /* Sources */ = {
			isa = PBXSourcesBuildPhase;
			buildActionMask = 2147483647;
			files = (
				B0C189EA279F4FE000BA2E01 /* TipCalculator3Tests.swift in Sources */,
			);
			runOnlyForDeploymentPostprocessing = 0;
		};
		B0C189EB279F4FE000BA2E01 /* Sources */ = {
			isa = PBXSourcesBuildPhase;
			buildActionMask = 2147483647;
			files = (
				B0C189F6279F4FE000BA2E01 /* TipCalculator3UITestsLaunchTests.swift in Sources */,
				B0C189F4279F4FE000BA2E01 /* TipCalculator3UITests.swift in Sources */,
			);
			runOnlyForDeploymentPostprocessing = 0;
		};
/* End PBXSourcesBuildPhase section */

/* Begin PBXTargetDependency section */
		B0C189E7279F4FE000BA2E01 /* PBXTargetDependency */ = {
			isa = PBXTargetDependency;
			target = B0C189CE279F4FDF00BA2E01 /* TipCalculator3 */;
			targetProxy = B0C189E6279F4FE000BA2E01 /* PBXContainerItemProxy */;
		};
		B0C189F1279F4FE000BA2E01 /* PBXTargetDependency */ = {
			isa = PBXTargetDependency;
			target = B0C189CE279F4FDF00BA2E01 /* TipCalculator3 */;
			targetProxy = B0C189F0279F4FE000BA2E01 /* PBXContainerItemProxy */;
		};
/* End PBXTargetDependency section */

/* Begin PBXVariantGroup section */
		B0C189D8279F4FDF00BA2E01 /* Main.storyboard */ = {
			isa = PBXVariantGroup;
			children = (
				B0C189D9279F4FDF00BA2E01 /* Base */,
			);
			name = Main.storyboard;
			sourceTree = "<group>";
		};
		B0C189DD279F4FE000BA2E01 /* LaunchScreen.storyboard */ = {
			isa = PBXVariantGroup;
			children = (
				B0C189DE279F4FE000BA2E01 /* Base */,
			);
			name = LaunchScreen.storyboard;
			sourceTree = "<group>";
		};
/* End PBXVariantGroup section */

/* Begin XCBuildConfiguration section */
		B0C189F7279F4FE000BA2E01 /* Debug */ = {
			isa = XCBuildConfiguration;
			buildSettings = {
				ALWAYS_SEARCH_USER_PATHS = NO;
				CLANG_ANALYZER_NONNULL = YES;
				CLANG_ANALYZER_NUMBER_OBJECT_CONVERSION = YES_AGGRESSIVE;
				CLANG_CXX_LANGUAGE_STANDARD = "gnu++17";
				CLANG_CXX_LIBRARY = "libc++";
				CLANG_ENABLE_MODULES = YES;
				CLANG_ENABLE_OBJC_ARC = YES;
				CLANG_ENABLE_OBJC_WEAK = YES;
				CLANG_WARN_BLOCK_CAPTURE_AUTORELEASING = YES;
				CLANG_WARN_BOOL_CONVERSION = YES;
				CLANG_WARN_COMMA = YES;
				CLANG_WARN_CONSTANT_CONVERSION = YES;
				CLANG_WARN_DEPRECATED_OBJC_IMPLEMENTATIONS = YES;
				CLANG_WARN_DIRECT_OBJC_ISA_USAGE = YES_ERROR;
				CLANG_WARN_DOCUMENTATION_COMMENTS = YES;
				CLANG_WARN_EMPTY_BODY = YES;
				CLANG_WARN_ENUM_CONVERSION = YES;
				CLANG_WARN_INFINITE_RECURSION = YES;
				CLANG_WARN_INT_CONVERSION = YES;
				CLANG_WARN_NON_LITERAL_NULL_CONVERSION = YES;
				CLANG_WARN_OBJC_IMPLICIT_RETAIN_SELF = YES;
				CLANG_WARN_OBJC_LITERAL_CONVERSION = YES;
				CLANG_WARN_OBJC_ROOT_CLASS = YES_ERROR;
				CLANG_WARN_QUOTED_INCLUDE_IN_FRAMEWORK_HEADER = YES;
				CLANG_WARN_RANGE_LOOP_ANALYSIS = YES;
				CLANG_WARN_STRICT_PROTOTYPES = YES;
				CLANG_WARN_SUSPICIOUS_MOVE = YES;
				CLANG_WARN_UNGUARDED_AVAILABILITY = YES_AGGRESSIVE;
				CLANG_WARN_UNREACHABLE_CODE = YES;
				CLANG_WARN__DUPLICATE_METHOD_MATCH = YES;
				COPY_PHASE_STRIP = NO;
				DEBUG_INFORMATION_FORMAT = dwarf;
				ENABLE_STRICT_OBJC_MSGSEND = YES;
				ENABLE_TESTABILITY = YES;
				GCC_C_LANGUAGE_STANDARD = gnu11;
				GCC_DYNAMIC_NO_PIC = NO;
				GCC_NO_COMMON_BLOCKS = YES;
				GCC_OPTIMIZATION_LEVEL = 0;
				GCC_PREPROCESSOR_DEFINITIONS = (
					"DEBUG=1",
					"$(inherited)",
				);
				GCC_WARN_64_TO_32_BIT_CONVERSION = YES;
				GCC_WARN_ABOUT_RETURN_TYPE = YES_ERROR;
				GCC_WARN_UNDECLARED_SELECTOR = YES;
				GCC_WARN_UNINITIALIZED_AUTOS = YES_AGGRESSIVE;
				GCC_WARN_UNUSED_FUNCTION = YES;
				GCC_WARN_UNUSED_VARIABLE = YES;
				IPHONEOS_DEPLOYMENT_TARGET = 15.2;
				MTL_ENABLE_DEBUG_INFO = INCLUDE_SOURCE;
				MTL_FAST_MATH = YES;
				ONLY_ACTIVE_ARCH = YES;
				SDKROOT = iphoneos;
				SWIFT_ACTIVE_COMPILATION_CONDITIONS = DEBUG;
				SWIFT_OPTIMIZATION_LEVEL = "-Onone";
			};
			name = Debug;
		};
		B0C189F8279F4FE000BA2E01 /* Release */ = {
			isa = XCBuildConfiguration;
			buildSettings = {
				ALWAYS_SEARCH_USER_PATHS = NO;
				CLANG_ANALYZER_NONNULL = YES;
				CLANG_ANALYZER_NUMBER_OBJECT_CONVERSION = YES_AGGRESSIVE;
				CLANG_CXX_LANGUAGE_STANDARD = "gnu++17";
				CLANG_CXX_LIBRARY = "libc++";
				CLANG_ENABLE_MODULES = YES;
				CLANG_ENABLE_OBJC_ARC = YES;
				CLANG_ENABLE_OBJC_WEAK = YES;
				CLANG_WARN_BLOCK_CAPTURE_AUTORELEASING = YES;
				CLANG_WARN_BOOL_CONVERSION = YES;
				CLANG_WARN_COMMA = YES;
				CLANG_WARN_CONSTANT_CONVERSION = YES;
				CLANG_WARN_DEPRECATED_OBJC_IMPLEMENTATIONS = YES;
				CLANG_WARN_DIRECT_OBJC_ISA_USAGE = YES_ERROR;
				CLANG_WARN_DOCUMENTATION_COMMENTS = YES;
				CLANG_WARN_EMPTY_BODY = YES;
				CLANG_WARN_ENUM_CONVERSION = YES;
				CLANG_WARN_INFINITE_RECURSION = YES;
				CLANG_WARN_INT_CONVERSION = YES;
				CLANG_WARN_NON_LITERAL_NULL_CONVERSION = YES;
				CLANG_WARN_OBJC_IMPLICIT_RETAIN_SELF = YES;
				CLANG_WARN_OBJC_LITERAL_CONVERSION = YES;
				CLANG_WARN_OBJC_ROOT_CLASS = YES_ERROR;
				CLANG_WARN_QUOTED_INCLUDE_IN_FRAMEWORK_HEADER = YES;
				CLANG_WARN_RANGE_LOOP_ANALYSIS = YES;
				CLANG_WARN_STRICT_PROTOTYPES = YES;
				CLANG_WARN_SUSPICIOUS_MOVE = YES;
				CLANG_WARN_UNGUARDED_AVAILABILITY = YES_AGGRESSIVE;
				CLANG_WARN_UNREACHABLE_CODE = YES;
				CLANG_WARN__DUPLICATE_METHOD_MATCH = YES;
				COPY_PHASE_STRIP = NO;
				DEBUG_INFORMATION_FORMAT = "dwarf-with-dsym";
				ENABLE_NS_ASSERTIONS = NO;
				ENABLE_STRICT_OBJC_MSGSEND = YES;
				GCC_C_LANGUAGE_STANDARD = gnu11;
				GCC_NO_COMMON_BLOCKS = YES;
				GCC_WARN_64_TO_32_BIT_CONVERSION = YES;
				GCC_WARN_ABOUT_RETURN_TYPE = YES_ERROR;
				GCC_WARN_UNDECLARED_SELECTOR = YES;
				GCC_WARN_UNINITIALIZED_AUTOS = YES_AGGRESSIVE;
				GCC_WARN_UNUSED_FUNCTION = YES;
				GCC_WARN_UNUSED_VARIABLE = YES;
				IPHONEOS_DEPLOYMENT_TARGET = 15.2;
				MTL_ENABLE_DEBUG_INFO = NO;
				MTL_FAST_MATH = YES;
				SDKROOT = iphoneos;
				SWIFT_COMPILATION_MODE = wholemodule;
				SWIFT_OPTIMIZATION_LEVEL = "-O";
				VALIDATE_PRODUCT = YES;
			};
			name = Release;
		};
		B0C189FA279F4FE000BA2E01 /* Debug */ = {
			isa = XCBuildConfiguration;
			buildSettings = {
				ASSETCATALOG_COMPILER_APPICON_NAME = AppIcon;
				ASSETCATALOG_COMPILER_GLOBAL_ACCENT_COLOR_NAME = AccentColor;
				CODE_SIGN_STYLE = Automatic;
				CURRENT_PROJECT_VERSION = 1;
				DEVELOPMENT_TEAM = 44K6M38XV8;
				GENERATE_INFOPLIST_FILE = YES;
				INFOPLIST_FILE = TipCalculator3/Info.plist;
				INFOPLIST_KEY_UIApplicationSupportsIndirectInputEvents = YES;
				INFOPLIST_KEY_UILaunchStoryboardName = LaunchScreen;
				INFOPLIST_KEY_UIMainStoryboardFile = Main;
				INFOPLIST_KEY_UISupportedInterfaceOrientations_iPad = "UIInterfaceOrientationPortrait UIInterfaceOrientationPortraitUpsideDown UIInterfaceOrientationLandscapeLeft UIInterfaceOrientationLandscapeRight";
				INFOPLIST_KEY_UISupportedInterfaceOrientations_iPhone = "UIInterfaceOrientationPortrait UIInterfaceOrientationLandscapeLeft UIInterfaceOrientationLandscapeRight";
				LD_RUNPATH_SEARCH_PATHS = (
					"$(inherited)",
					"@executable_path/Frameworks",
				);
				MARKETING_VERSION = 1.0;
				PRODUCT_BUNDLE_IDENTIFIER = ClassApplication.TipCalculator3;
				PRODUCT_NAME = "$(TARGET_NAME)";
				SWIFT_EMIT_LOC_STRINGS = YES;
				SWIFT_VERSION = 5.0;
				TARGETED_DEVICE_FAMILY = "1,2";
			};
			name = Debug;
		};
		B0C189FB279F4FE000BA2E01 /* Release */ = {
			isa = XCBuildConfiguration;
			buildSettings = {
				ASSETCATALOG_COMPILER_APPICON_NAME = AppIcon;
				ASSETCATALOG_COMPILER_GLOBAL_ACCENT_COLOR_NAME = AccentColor;
				CODE_SIGN_STYLE = Automatic;
				CURRENT_PROJECT_VERSION = 1;
				DEVELOPMENT_TEAM = 44K6M38XV8;
				GENERATE_INFOPLIST_FILE = YES;
				INFOPLIST_FILE = TipCalculator3/Info.plist;
				INFOPLIST_KEY_UIApplicationSupportsIndirectInputEvents = YES;
				INFOPLIST_KEY_UILaunchStoryboardName = LaunchScreen;
				INFOPLIST_KEY_UIMainStoryboardFile = Main;
				INFOPLIST_KEY_UISupportedInterfaceOrientations_iPad = "UIInterfaceOrientationPortrait UIInterfaceOrientationPortraitUpsideDown UIInterfaceOrientationLandscapeLeft UIInterfaceOrientationLandscapeRight";
				INFOPLIST_KEY_UISupportedInterfaceOrientations_iPhone = "UIInterfaceOrientationPortrait UIInterfaceOrientationLandscapeLeft UIInterfaceOrientationLandscapeRight";
				LD_RUNPATH_SEARCH_PATHS = (
					"$(inherited)",
					"@executable_path/Frameworks",
				);
				MARKETING_VERSION = 1.0;
				PRODUCT_BUNDLE_IDENTIFIER = ClassApplication.TipCalculator3;
				PRODUCT_NAME = "$(TARGET_NAME)";
				SWIFT_EMIT_LOC_STRINGS = YES;
				SWIFT_VERSION = 5.0;
				TARGETED_DEVICE_FAMILY = "1,2";
			};
			name = Release;
		};
		B0C189FD279F4FE000BA2E01 /* Debug */ = {
			isa = XCBuildConfiguration;
			buildSettings = {
				ALWAYS_EMBED_SWIFT_STANDARD_LIBRARIES = YES;
				BUNDLE_LOADER = "$(TEST_HOST)";
				CODE_SIGN_STYLE = Automatic;
				CURRENT_PROJECT_VERSION = 1;
				DEVELOPMENT_TEAM = 44K6M38XV8;
				GENERATE_INFOPLIST_FILE = YES;
				IPHONEOS_DEPLOYMENT_TARGET = 15.2;
				MARKETING_VERSION = 1.0;
				PRODUCT_BUNDLE_IDENTIFIER = ClassApplication.TipCalculator3Tests;
				PRODUCT_NAME = "$(TARGET_NAME)";
				SWIFT_EMIT_LOC_STRINGS = NO;
				SWIFT_VERSION = 5.0;
				TARGETED_DEVICE_FAMILY = "1,2";
				TEST_HOST = "$(BUILT_PRODUCTS_DIR)/TipCalculator3.app/TipCalculator3";
			};
			name = Debug;
		};
		B0C189FE279F4FE000BA2E01 /* Release */ = {
			isa = XCBuildConfiguration;
			buildSettings = {
				ALWAYS_EMBED_SWIFT_STANDARD_LIBRARIES = YES;
				BUNDLE_LOADER = "$(TEST_HOST)";
				CODE_SIGN_STYLE = Automatic;
				CURRENT_PROJECT_VERSION = 1;
				DEVELOPMENT_TEAM = 44K6M38XV8;
				GENERATE_INFOPLIST_FILE = YES;
				IPHONEOS_DEPLOYMENT_TARGET = 15.2;
				MARKETING_VERSION = 1.0;
				PRODUCT_BUNDLE_IDENTIFIER = ClassApplication.TipCalculator3Tests;
				PRODUCT_NAME = "$(TARGET_NAME)";
				SWIFT_EMIT_LOC_STRINGS = NO;
				SWIFT_VERSION = 5.0;
				TARGETED_DEVICE_FAMILY = "1,2";
				TEST_HOST = "$(BUILT_PRODUCTS_DIR)/TipCalculator3.app/TipCalculator3";
			};
			name = Release;
		};
		B0C18A00279F4FE000BA2E01 /* Debug */ = {
			isa = XCBuildConfiguration;
			buildSettings = {
				ALWAYS_EMBED_SWIFT_STANDARD_LIBRARIES = YES;
				CODE_SIGN_STYLE = Automatic;
				CURRENT_PROJECT_VERSION = 1;
				DEVELOPMENT_TEAM = 44K6M38XV8;
				GENERATE_INFOPLIST_FILE = YES;
				MARKETING_VERSION = 1.0;
				PRODUCT_BUNDLE_IDENTIFIER = ClassApplication.TipCalculator3UITests;
				PRODUCT_NAME = "$(TARGET_NAME)";
				SWIFT_EMIT_LOC_STRINGS = NO;
				SWIFT_VERSION = 5.0;
				TARGETED_DEVICE_FAMILY = "1,2";
				TEST_TARGET_NAME = TipCalculator3;
			};
			name = Debug;
		};
		B0C18A01279F4FE000BA2E01 /* Release */ = {
			isa = XCBuildConfiguration;
			buildSettings = {
				ALWAYS_EMBED_SWIFT_STANDARD_LIBRARIES = YES;
				CODE_SIGN_STYLE = Automatic;
				CURRENT_PROJECT_VERSION = 1;
				DEVELOPMENT_TEAM = 44K6M38XV8;
				GENERATE_INFOPLIST_FILE = YES;
				MARKETING_VERSION = 1.0;
				PRODUCT_BUNDLE_IDENTIFIER = ClassApplication.TipCalculator3UITests;
				PRODUCT_NAME = "$(TARGET_NAME)";
				SWIFT_EMIT_LOC_STRINGS = NO;
				SWIFT_VERSION = 5.0;
				TARGETED_DEVICE_FAMILY = "1,2";
				TEST_TARGET_NAME = TipCalculator3;
			};
			name = Release;
		};
/* End XCBuildConfiguration section */

/* Begin XCConfigurationList section */
		B0C189CA279F4FDF00BA2E01 /* Build configuration list for PBXProject "TipCalculator3" */ = {
			isa = XCConfigurationList;
			buildConfigurations = (
				B0C189F7279F4FE000BA2E01 /* Debug */,
				B0C189F8279F4FE000BA2E01 /* Release */,
			);
			defaultConfigurationIsVisible = 0;
			defaultConfigurationName = Release;
		};
		B0C189F9279F4FE000BA2E01 /* Build configuration list for PBXNativeTarget "TipCalculator3" */ = {
			isa = XCConfigurationList;
			buildConfigurations = (
				B0C189FA279F4FE000BA2E01 /* Debug */,
				B0C189FB279F4FE000BA2E01 /* Release */,
			);
			defaultConfigurationIsVisible = 0;
			defaultConfigurationName = Release;
		};
		B0C189FC279F4FE000BA2E01 /* Build configuration list for PBXNativeTarget "TipCalculator3Tests" */ = {
			isa = XCConfigurationList;
			buildConfigurations = (
				B0C189FD279F4FE000BA2E01 /* Debug */,
				B0C189FE279F4FE000BA2E01 /* Release */,
			);
			defaultConfigurationIsVisible = 0;
			defaultConfigurationName = Release;
		};
		B0C189FF279F4FE000BA2E01 /* Build configuration list for PBXNativeTarget "TipCalculator3UITests" */ = {
			isa = XCConfigurationList;
			buildConfigurations = (
				B0C18A00279F4FE000BA2E01 /* Debug */,
				B0C18A01279F4FE000BA2E01 /* Release */,
			);
			defaultConfigurationIsVisible = 0;
			defaultConfigurationName = Release;
		};
/* End XCConfigurationList section */
	};
	rootObject = B0C189C7279F4FDF00BA2E01 /* Project object */;
}
